// !$*UTF8*$!
{
	archiveVersion = 1;
	classes = {
	};
	objectVersion = 46;
	objects = {

/* Begin PBXBuildFile section */
		F742E7551DE6E320000E3F26 /* Supercell-magic-webfont.ttf in Resources */ = {isa = PBXBuildFile; fileRef = F742E7541DE6E2DF000E3F26 /* Supercell-magic-webfont.ttf */; };
		F74502B91DE5B6D400A03A72 /* CustomCollectionViewCell.swift in Sources */ = {isa = PBXBuildFile; fileRef = F74502B81DE5B6D400A03A72 /* CustomCollectionViewCell.swift */; };
		F7E176131DE5861900EAB16A /* AppDelegate.swift in Sources */ = {isa = PBXBuildFile; fileRef = F7E176121DE5861900EAB16A /* AppDelegate.swift */; };
		F7E176151DE5861900EAB16A /* ViewController.swift in Sources */ = {isa = PBXBuildFile; fileRef = F7E176141DE5861900EAB16A /* ViewController.swift */; };
		F7E176181DE5861900EAB16A /* Main.storyboard in Resources */ = {isa = PBXBuildFile; fileRef = F7E176161DE5861900EAB16A /* Main.storyboard */; };
		F7E1761B1DE5861A00EAB16A /* crcard.xcdatamodeld in Sources */ = {isa = PBXBuildFile; fileRef = F7E176191DE5861900EAB16A /* crcard.xcdatamodeld */; };
		F7E1761D1DE5861A00EAB16A /* Assets.xcassets in Resources */ = {isa = PBXBuildFile; fileRef = F7E1761C1DE5861A00EAB16A /* Assets.xcassets */; };
		F7E176201DE5861A00EAB16A /* LaunchScreen.storyboard in Resources */ = {isa = PBXBuildFile; fileRef = F7E1761E1DE5861A00EAB16A /* LaunchScreen.storyboard */; };
/* End PBXBuildFile section */

/* Begin PBXFileReference section */
		F742E7541DE6E2DF000E3F26 /* Supercell-magic-webfont.ttf */ = {isa = PBXFileReference; lastKnownFileType = file; path = "Supercell-magic-webfont.ttf"; sourceTree = "<group>"; };
		F74502B81DE5B6D400A03A72 /* CustomCollectionViewCell.swift */ = {isa = PBXFileReference; fileEncoding = 4; lastKnownFileType = sourcecode.swift; path = CustomCollectionViewCell.swift; sourceTree = "<group>"; };
		F7E1760F1DE5861900EAB16A /* crcard.app */ = {isa = PBXFileReference; explicitFileType = wrapper.application; includeInIndex = 0; path = crcard.app; sourceTree = BUILT_PRODUCTS_DIR; };
		F7E176121DE5861900EAB16A /* AppDelegate.swift */ = {isa = PBXFileReference; lastKnownFileType = sourcecode.swift; path = AppDelegate.swift; sourceTree = "<group>"; };
		F7E176141DE5861900EAB16A /* ViewController.swift */ = {isa = PBXFileReference; lastKnownFileType = sourcecode.swift; path = ViewController.swift; sourceTree = "<group>"; };
		F7E176171DE5861900EAB16A /* Base */ = {isa = PBXFileReference; lastKnownFileType = file.storyboard; name = Base; path = Base.lproj/Main.storyboard; sourceTree = "<group>"; };
		F7E1761A1DE5861900EAB16A /* crcard.xcdatamodel */ = {isa = PBXFileReference; lastKnownFileType = wrapper.xcdatamodel; path = crcard.xcdatamodel; sourceTree = "<group>"; };
		F7E1761C1DE5861A00EAB16A /* Assets.xcassets */ = {isa = PBXFileReference; lastKnownFileType = folder.assetcatalog; path = Assets.xcassets; sourceTree = "<group>"; };
		F7E1761F1DE5861A00EAB16A /* Base */ = {isa = PBXFileReference; lastKnownFileType = file.storyboard; name = Base; path = Base.lproj/LaunchScreen.storyboard; sourceTree = "<group>"; };
		F7E176211DE5861A00EAB16A /* Info.plist */ = {isa = PBXFileReference; lastKnownFileType = text.plist.xml; path = Info.plist; sourceTree = "<group>"; };
/* End PBXFileReference section */

/* Begin PBXFrameworksBuildPhase section */
		F7E1760C1DE5861900EAB16A /* Frameworks */ = {
			isa = PBXFrameworksBuildPhase;
			buildActionMask = 2147483647;
			files = (
			);
			runOnlyForDeploymentPostprocessing = 0;
		};
/* End PBXFrameworksBuildPhase section */

/* Begin PBXGroup section */
		F7E176061DE5861900EAB16A = {
			isa = PBXGroup;
			children = (
				F7E176111DE5861900EAB16A /* crcard */,
				F7E176101DE5861900EAB16A /* Products */,
			);
			sourceTree = "<group>";
		};
		F7E176101DE5861900EAB16A /* Products */ = {
			isa = PBXGroup;
			children = (
				F7E1760F1DE5861900EAB16A /* crcard.app */,
			);
			name = Products;
			sourceTree = "<group>";
		};
		F7E176111DE5861900EAB16A /* crcard */ = {
			isa = PBXGroup;
			children = (
				F742E7541DE6E2DF000E3F26 /* Supercell-magic-webfont.ttf */,
				F7E176121DE5861900EAB16A /* AppDelegate.swift */,
				F7E176141DE5861900EAB16A /* ViewController.swift */,
				F7E176161DE5861900EAB16A /* Main.storyboard */,
				F7E1761C1DE5861A00EAB16A /* Assets.xcassets */,
				F7E1761E1DE5861A00EAB16A /* LaunchScreen.storyboard */,
				F7E176211DE5861A00EAB16A /* Info.plist */,
				F7E176191DE5861900EAB16A /* crcard.xcdatamodeld */,
				F74502B81DE5B6D400A03A72 /* CustomCollectionViewCell.swift */,
			);
			path = crcard;
			sourceTree = "<group>";
		};
/* End PBXGroup section */

/* Begin PBXNativeTarget section */
		F7E1760E1DE5861900EAB16A /* crcard */ = {
			isa = PBXNativeTarget;
			buildConfigurationList = F7E176241DE5861A00EAB16A /* Build configuration list for PBXNativeTarget "crcard" */;
			buildPhases = (
				F7E1760B1DE5861900EAB16A /* Sources */,
				F7E1760C1DE5861900EAB16A /* Frameworks */,
				F7E1760D1DE5861900EAB16A /* Resources */,
			);
			buildRules = (
			);
			dependencies = (
			);
			name = crcard;
			productName = crcard;
			productReference = F7E1760F1DE5861900EAB16A /* crcard.app */;
			productType = "com.apple.product-type.application";
		};
/* End PBXNativeTarget section */

/* Begin PBXProject section */
		F7E176071DE5861900EAB16A /* Project object */ = {
			isa = PBXProject;
			attributes = {
				LastSwiftUpdateCheck = 0730;
				LastUpgradeCheck = 0730;
				ORGANIZATIONNAME = "Brainload Technologies";
				TargetAttributes = {
					F7E1760E1DE5861900EAB16A = {
						CreatedOnToolsVersion = 7.3;
					};
				};
			};
			buildConfigurationList = F7E1760A1DE5861900EAB16A /* Build configuration list for PBXProject "crcard" */;
			compatibilityVersion = "Xcode 3.2";
			developmentRegion = English;
			hasScannedForEncodings = 0;
			knownRegions = (
				en,
				Base,
			);
			mainGroup = F7E176061DE5861900EAB16A;
			productRefGroup = F7E176101DE5861900EAB16A /* Products */;
			projectDirPath = "";
			projectRoot = "";
			targets = (
				F7E1760E1DE5861900EAB16A /* crcard */,
			);
		};
/* End PBXProject section */

/* Begin PBXResourcesBuildPhase section */
		F7E1760D1DE5861900EAB16A /* Resources */ = {
			isa = PBXResourcesBuildPhase;
			buildActionMask = 2147483647;
			files = (
				F742E7551DE6E320000E3F26 /* Supercell-magic-webfont.ttf in Resources */,
				F7E176201DE5861A00EAB16A /* LaunchScreen.storyboard in Resources */,
				F7E1761D1DE5861A00EAB16A /* Assets.xcassets in Resources */,
				F7E176181DE5861900EAB16A /* Main.storyboard in Resources */,
			);
			runOnlyForDeploymentPostprocessing = 0;
		};
/* End PBXResourcesBuildPhase section */

/* Begin PBXSourcesBuildPhase section */
		F7E1760B1DE5861900EAB16A /* Sources */ = {
			isa = PBXSourcesBuildPhase;
			buildActionMask = 2147483647;
			files = (
				F7E176151DE5861900EAB16A /* ViewController.swift in Sources */,
				F7E176131DE5861900EAB16A /* AppDelegate.swift in Sources */,
				F7E1761B1DE5861A00EAB16A /* crcard.xcdatamodeld in Sources */,
				F74502B91DE5B6D400A03A72 /* CustomCollectionViewCell.swift in Sources */,
			);
			runOnlyForDeploymentPostprocessing = 0;
		};
/* End PBXSourcesBuildPhase section */

/* Begin PBXVariantGroup section */
		F7E176161DE5861900EAB16A /* Main.storyboard */ = {
			isa = PBXVariantGroup;
			children = (
				F7E176171DE5861900EAB16A /* Base */,
			);
			name = Main.storyboard;
			sourceTree = "<group>";
		};
		F7E1761E1DE5861A00EAB16A /* LaunchScreen.storyboard */ = {
			isa = PBXVariantGroup;
			children = (
				F7E1761F1DE5861A00EAB16A /* Base */,
			);
			name = LaunchScreen.storyboard;
			sourceTree = "<group>";
		};
/* End PBXVariantGroup section */

/* Begin XCBuildConfiguration section */
		F7E176221DE5861A00EAB16A /* Debug */ = {
			isa = XCBuildConfiguration;
			buildSettings = {
				ALWAYS_SEARCH_USER_PATHS = NO;
				CLANG_ANALYZER_NONNULL = YES;
				CLANG_CXX_LANGUAGE_STANDARD = "gnu++0x";
				CLANG_CXX_LIBRARY = "libc++";
				CLANG_ENABLE_MODULES = YES;
				CLANG_ENABLE_OBJC_ARC = YES;
				CLANG_WARN_BOOL_CONVERSION = YES;
				CLANG_WARN_CONSTANT_CONVERSION = YES;
				CLANG_WARN_DIRECT_OBJC_ISA_USAGE = YES_ERROR;
				CLANG_WARN_EMPTY_BODY = YES;
				CLANG_WARN_ENUM_CONVERSION = YES;
				CLANG_WARN_INT_CONVERSION = YES;
				CLANG_WARN_OBJC_ROOT_CLASS = YES_ERROR;
				CLANG_WARN_UNREACHABLE_CODE = YES;
				CLANG_WARN__DUPLICATE_METHOD_MATCH = YES;
				"CODE_SIGN_IDENTITY[sdk=iphoneos*]" = "iPhone Developer";
				COPY_PHASE_STRIP = NO;
				DEBUG_INFORMATION_FORMAT = dwarf;
				ENABLE_STRICT_OBJC_MSGSEND = YES;
				ENABLE_TESTABILITY = YES;
				GCC_C_LANGUAGE_STANDARD = gnu99;
				GCC_DYNAMIC_NO_PIC = NO;
				GCC_NO_COMMON_BLOCKS = YES;
				GCC_OPTIMIZATION_LEVEL = 0;
				GCC_PREPROCESSOR_DEFINITIONS = (
					"DEBUG=1",
					"$(inherited)",
				);
				GCC_WARN_64_TO_32_BIT_CONVERSION = YES;
				GCC_WARN_ABOUT_RETURN_TYPE = YES_ERROR;
				GCC_WARN_UNDECLARED_SELECTOR = YES;
				GCC_WARN_UNINITIALIZED_AUTOS = YES_AGGRESSIVE;
				GCC_WARN_UNUSED_FUNCTION = YES;
				GCC_WARN_UNUSED_VARIABLE = YES;
				IPHONEOS_DEPLOYMENT_TARGET = 9.3;
				MTL_ENABLE_DEBUG_INFO = YES;
				ONLY_ACTIVE_ARCH = YES;
				SDKROOT = iphoneos;
				SWIFT_OPTIMIZATION_LEVEL = "-Onone";
			};
			name = Debug;
		};
		F7E176231DE5861A00EAB16A /* Release */ = {
			isa = XCBuildConfiguration;
			buildSettings = {
				ALWAYS_SEARCH_USER_PATHS = NO;
				CLANG_ANALYZER_NONNULL = YES;
				CLANG_CXX_LANGUAGE_STANDARD = "gnu++0x";
				CLANG_CXX_LIBRARY = "libc++";
				CLANG_ENABLE_MODULES = YES;
				CLANG_ENABLE_OBJC_ARC = YES;
				CLANG_WARN_BOOL_CONVERSION = YES;
				CLANG_WARN_CONSTANT_CONVERSION = YES;
				CLANG_WARN_DIRECT_OBJC_ISA_USAGE = YES_ERROR;
				CLANG_WARN_EMPTY_BODY = YES;
				CLANG_WARN_ENUM_CONVERSION = YES;
				CLANG_WARN_INT_CONVERSION = YES;
				CLANG_WARN_OBJC_ROOT_CLASS = YES_ERROR;
				CLANG_WARN_UNREACHABLE_CODE = YES;
				CLANG_WARN__DUPLICATE_METHOD_MATCH = YES;
				"CODE_SIGN_IDENTITY[sdk=iphoneos*]" = "iPhone Developer";
				COPY_PHASE_STRIP = NO;
				DEBUG_INFORMATION_FORMAT = "dwarf-with-dsym";
				ENABLE_NS_ASSERTIONS = NO;
				ENABLE_STRICT_OBJC_MSGSEND = YES;
				GCC_C_LANGUAGE_STANDARD = gnu99;
				GCC_NO_COMMON_BLOCKS = YES;
				GCC_WARN_64_TO_32_BIT_CONVERSION = YES;
				GCC_WARN_ABOUT_RETURN_TYPE = YES_ERROR;
				GCC_WARN_UNDECLARED_SELECTOR = YES;
				GCC_WARN_UNINITIALIZED_AUTOS = YES_AGGRESSIVE;
				GCC_WARN_UNUSED_FUNCTION = YES;
				GCC_WARN_UNUSED_VARIABLE = YES;
				IPHONEOS_DEPLOYMENT_TARGET = 9.3;
				MTL_ENABLE_DEBUG_INFO = NO;
				SDKROOT = iphoneos;
				VALIDATE_PRODUCT = YES;
			};
			name = Release;
		};
		F7E176251DE5861A00EAB16A /* Debug */ = {
			isa = XCBuildConfiguration;
			buildSettings = {
				ASSETCATALOG_COMPILER_APPICON_NAME = AppIcon;
				INFOPLIST_FILE = crcard/Info.plist;
				LD_RUNPATH_SEARCH_PATHS = "$(inherited) @executable_path/Frameworks";
				PRODUCT_BUNDLE_IDENTIFIER = com.brainload.crcard;
				PRODUCT_NAME = "$(TARGET_NAME)";
			};
			name = Debug;
		};
		F7E176261DE5861A00EAB16A /* Release */ = {
			isa = XCBuildConfiguration;
			buildSettings = {
				ASSETCATALOG_COMPILER_APPICON_NAME = AppIcon;
				INFOPLIST_FILE = crcard/Info.plist;
				LD_RUNPATH_SEARCH_PATHS = "$(inherited) @executable_path/Frameworks";
				PRODUCT_BUNDLE_IDENTIFIER = com.brainload.crcard;
				PRODUCT_NAME = "$(TARGET_NAME)";
			};
			name = Release;
		};
/* End XCBuildConfiguration section */

/* Begin XCConfigurationList section */
		F7E1760A1DE5861900EAB16A /* Build configuration list for PBXProject "crcard" */ = {
			isa = XCConfigurationList;
			buildConfigurations = (
				F7E176221DE5861A00EAB16A /* Debug */,
				F7E176231DE5861A00EAB16A /* Release */,
			);
			defaultConfigurationIsVisible = 0;
			defaultConfigurationName = Release;
		};
		F7E176241DE5861A00EAB16A /* Build configuration list for PBXNativeTarget "crcard" */ = {
			isa = XCConfigurationList;
			buildConfigurations = (
				F7E176251DE5861A00EAB16A /* Debug */,
				F7E176261DE5861A00EAB16A /* Release */,
			);
			defaultConfigurationIsVisible = 0;
			defaultConfigurationName = Release;
		};
/* End XCConfigurationList section */

/* Begin XCVersionGroup section */
		F7E176191DE5861900EAB16A /* crcard.xcdatamodeld */ = {
			isa = XCVersionGroup;
			children = (
				F7E1761A1DE5861900EAB16A /* crcard.xcdatamodel */,
			);
			currentVersion = F7E1761A1DE5861900EAB16A /* crcard.xcdatamodel */;
			path = crcard.xcdatamodeld;
			sourceTree = "<group>";
			versionGroupType = wrapper.xcdatamodel;
		};
/* End XCVersionGroup section */
	};
	rootObject = F7E176071DE5861900EAB16A /* Project object */;
}
